
Microsoft Visual Studio Solution File, Format Version 12.00
# Visual Studio Version 17
VisualStudioVersion = 17.0.32112.339
MinimumVisualStudioVersion = 10.0.40219.1
Project("{9A19103F-16F7-4668-BE54-9A1E7A4F7556}") = "CMS.Api", "src\CMS.Api\CMS.Api.csproj", "{59E8D5FA-ABE0-4462-BEB5-12C81B585EA7}"
EndProject
Project("{9A19103F-16F7-4668-BE54-9A1E7A4F7556}") = "CMS.Data", "src\CMS.Data\CMS.Data.csproj", "{570EE46B-B943-46B7-8B40-C7A8844B46E1}"
EndProject
Project("{9A19103F-16F7-4668-BE54-9A1E7A4F7556}") = "CMS.Storage", "src\CMS.Storage\CMS.Storage.csproj", "{7824C0AE-3D39-40ED-A266-1531FDEF3EF9}"
EndProject
Project("{9A19103F-16F7-4668-BE54-9A1E7A4F7556}") = "CMS.Business", "src\CMS.Business\CMS.Business.csproj", "{DA3CEC54-DD9C-42EE-9EFB-FB75F95F72D8}"
EndProject
Global
	GlobalSection(SolutionConfigurationPlatforms) = preSolution
		Debug|Any CPU = Debug|Any CPU
		Release|Any CPU = Release|Any CPU
	EndGlobalSection
	GlobalSection(ProjectConfigurationPlatforms) = postSolution
		{59E8D5FA-ABE0-4462-BEB5-12C81B585EA7}.Debug|Any CPU.ActiveCfg = Debug|Any CPU
		{59E8D5FA-ABE0-4462-BEB5-12C81B585EA7}.Debug|Any CPU.Build.0 = Debug|Any CPU
		{59E8D5FA-ABE0-4462-BEB5-12C81B585EA7}.Release|Any CPU.ActiveCfg = Release|Any CPU
		{59E8D5FA-ABE0-4462-BEB5-12C81B585EA7}.Release|Any CPU.Build.0 = Release|Any CPU
		{570EE46B-B943-46B7-8B40-C7A8844B46E1}.Debug|Any CPU.ActiveCfg = Debug|Any CPU
		{570EE46B-B943-46B7-8B40-C7A8844B46E1}.Debug|Any CPU.Build.0 = Debug|Any CPU
		{570EE46B-B943-46B7-8B40-C7A8844B46E1}.Release|Any CPU.ActiveCfg = Release|Any CPU
		{570EE46B-B943-46B7-8B40-C7A8844B46E1}.Release|Any CPU.Build.0 = Release|Any CPU
		{7824C0AE-3D39-40ED-A266-1531FDEF3EF9}.Debug|Any CPU.ActiveCfg = Debug|Any CPU
		{7824C0AE-3D39-40ED-A266-1531FDEF3EF9}.Debug|Any CPU.Build.0 = Debug|Any CPU
		{7824C0AE-3D39-40ED-A266-1531FDEF3EF9}.Release|Any CPU.ActiveCfg = Release|Any CPU
		{7824C0AE-3D39-40ED-A266-1531FDEF3EF9}.Release|Any CPU.Build.0 = Release|Any CPU
		{DA3CEC54-DD9C-42EE-9EFB-FB75F95F72D8}.Debug|Any CPU.ActiveCfg = Debug|Any CPU
		{DA3CEC54-DD9C-42EE-9EFB-FB75F95F72D8}.Debug|Any CPU.Build.0 = Debug|Any CPU
		{DA3CEC54-DD9C-42EE-9EFB-FB75F95F72D8}.Release|Any CPU.ActiveCfg = Release|Any CPU
		{DA3CEC54-DD9C-42EE-9EFB-FB75F95F72D8}.Release|Any CPU.Build.0 = Release|Any CPU
	EndGlobalSection
	GlobalSection(SolutionProperties) = preSolution
		HideSolutionNode = FALSE
	EndGlobalSection
	GlobalSection(ExtensibilityGlobals) = postSolution
		SolutionGuid = {21D3415E-7250-4C01-B207-C75D198F15ED}
	EndGlobalSection
EndGlobal
